<Solution>
  <Folder Name="/Solution Items/">
    <File Path=".gitignore" />
  </Folder>
  <Project Path="FlipFlopCodes_2025_FS/FlipFlopCodes_2025_FS.fsproj" Id="f8860656-235e-4bb0-b12d-f15c3e206c1e" />
  <Project Path="FlipFlop_Demo/FlipFlop_Demo.fsproj" Id="61c90c89-f7fc-4430-b019-7d9994ee5bfd" />
</Solution>
